
Microsoft Visual Studio Solution File, Format Version 12.00
# Visual Studio Version 17
VisualStudioVersion = 17.8.34525.116
MinimumVisualStudioVersion = 10.0.40219.1
Project("{9A19103F-16F7-4668-BE54-9A1E7A4F7556}") = "QTFastStart", "QTFastStart\QTFastStart.csproj", "{4EBACD98-8CBC-4AB5-B6C5-751A63E41BA6}"
EndProject
Project("{2150E333-8FDC-42A3-9474-1A3956D46DE8}") = "Solution Items", "Solution Items", "{BB40BCCC-9741-41F2-8143-888A1F04DFC4}"
	ProjectSection(SolutionItems) = preProject
		README.md = README.md
	EndProjectSection
EndProject
Project("{FAE04EC0-301F-11D3-BF4B-00C04F79EFBC}") = "QTFastStartTestApp", "QTFastStartTestApp\QTFastStartTestApp.csproj", "{0AAF53C6-BFEF-4B48-9BFD-D3FD3665EED7}"
EndProject
Global
	GlobalSection(SolutionConfigurationPlatforms) = preSolution
		Debug|Any CPU = Debug|Any CPU
		Release|Any CPU = Release|Any CPU
	EndGlobalSection
	GlobalSection(ProjectConfigurationPlatforms) = postSolution
		{4EBACD98-8CBC-4AB5-B6C5-751A63E41BA6}.Debug|Any CPU.ActiveCfg = Debug|Any CPU
		{4EBACD98-8CBC-4AB5-B6C5-751A63E41BA6}.Debug|Any CPU.Build.0 = Debug|Any CPU
		{4EBACD98-8CBC-4AB5-B6C5-751A63E41BA6}.Release|Any CPU.ActiveCfg = Release|Any CPU
		{4EBACD98-8CBC-4AB5-B6C5-751A63E41BA6}.Release|Any CPU.Build.0 = Release|Any CPU
		{0AAF53C6-BFEF-4B48-9BFD-D3FD3665EED7}.Debug|Any CPU.ActiveCfg = Debug|Any CPU
		{0AAF53C6-BFEF-4B48-9BFD-D3FD3665EED7}.Debug|Any CPU.Build.0 = Debug|Any CPU
		{0AAF53C6-BFEF-4B48-9BFD-D3FD3665EED7}.Release|Any CPU.ActiveCfg = Release|Any CPU
		{0AAF53C6-BFEF-4B48-9BFD-D3FD3665EED7}.Release|Any CPU.Build.0 = Release|Any CPU
	EndGlobalSection
	GlobalSection(SolutionProperties) = preSolution
		HideSolutionNode = FALSE
	EndGlobalSection
	GlobalSection(ExtensibilityGlobals) = postSolution
		SolutionGuid = {7790F7C9-7196-4D27-B48D-270586EC2FFC}
	EndGlobalSection
EndGlobal
